
Microsoft Visual Studio Solution File, Format Version 12.00
# Visual Studio Version 16
VisualStudioVersion = 16.0.35325.158
MinimumVisualStudioVersion = 10.0.40219.1
Project("{FAE04EC0-301F-11D3-BF4B-00C04F79EFBC}") = "Presentacion", "Presentacion\Presentacion.csproj", "{3B1A9595-BB43-4922-8713-D556B7DF463C}"
EndProject
Project("{FAE04EC0-301F-11D3-BF4B-00C04F79EFBC}") = "Dominio", "Dominio\Dominio.csproj", "{9E9E24CE-4765-4531-93FA-CB1A742CB813}"
EndProject
Project("{FAE04EC0-301F-11D3-BF4B-00C04F79EFBC}") = "Negocio", "Negocio\Negocio.csproj", "{5595AD01-D089-473E-BBE3-628D1C6B24DC}"
EndProject
Global
	GlobalSection(SolutionConfigurationPlatforms) = preSolution
		Debug|Any CPU = Debug|Any CPU
		Release|Any CPU = Release|Any CPU
	EndGlobalSection
	GlobalSection(ProjectConfigurationPlatforms) = postSolution
		{3B1A9595-BB43-4922-8713-D556B7DF463C}.Debug|Any CPU.ActiveCfg = Debug|Any CPU
		{3B1A9595-BB43-4922-8713-D556B7DF463C}.Debug|Any CPU.Build.0 = Debug|Any CPU
		{3B1A9595-BB43-4922-8713-D556B7DF463C}.Release|Any CPU.ActiveCfg = Release|Any CPU
		{3B1A9595-BB43-4922-8713-D556B7DF463C}.Release|Any CPU.Build.0 = Release|Any CPU
		{9E9E24CE-4765-4531-93FA-CB1A742CB813}.Debug|Any CPU.ActiveCfg = Debug|Any CPU
		{9E9E24CE-4765-4531-93FA-CB1A742CB813}.Debug|Any CPU.Build.0 = Debug|Any CPU
		{9E9E24CE-4765-4531-93FA-CB1A742CB813}.Release|Any CPU.ActiveCfg = Release|Any CPU
		{9E9E24CE-4765-4531-93FA-CB1A742CB813}.Release|Any CPU.Build.0 = Release|Any CPU
		{5595AD01-D089-473E-BBE3-628D1C6B24DC}.Debug|Any CPU.ActiveCfg = Debug|Any CPU
		{5595AD01-D089-473E-BBE3-628D1C6B24DC}.Debug|Any CPU.Build.0 = Debug|Any CPU
		{5595AD01-D089-473E-BBE3-628D1C6B24DC}.Release|Any CPU.ActiveCfg = Release|Any CPU
		{5595AD01-D089-473E-BBE3-628D1C6B24DC}.Release|Any CPU.Build.0 = Release|Any CPU
	EndGlobalSection
	GlobalSection(SolutionProperties) = preSolution
		HideSolutionNode = FALSE
	EndGlobalSection
	GlobalSection(ExtensibilityGlobals) = postSolution
		SolutionGuid = {073F64EC-7F10-4F6C-A866-61A44B6B0517}
	EndGlobalSection
EndGlobal
